
Microsoft Visual Studio Solution File, Format Version 12.00
# Visual Studio Version 17
VisualStudioVersion = 17.5.33530.505
MinimumVisualStudioVersion = 10.0.40219.1
Project("{9A19103F-16F7-4668-BE54-9A1E7A4F7556}") = "CitiesManager.WebAPI", "CitiesManager.WebAPI\CitiesManager.WebAPI.csproj", "{D5A85A92-4D7D-43AD-A8F4-3F06D038D0D2}"
EndProject
Project("{FAE04EC0-301F-11D3-BF4B-00C04F79EFBC}") = "CitiesManager.Core", "CitiesManager.Core\CitiesManager.Core.csproj", "{518EC7C3-F118-455B-BE4A-CA6104F862DE}"
EndProject
Project("{FAE04EC0-301F-11D3-BF4B-00C04F79EFBC}") = "CitiesManager.Infrastructure", "CitiesManager.Infrastructure\CitiesManager.Infrastructure.csproj", "{13CBD11E-0F4B-400B-9895-178659A21EC7}"
EndProject
Global
	GlobalSection(SolutionConfigurationPlatforms) = preSolution
		Debug|Any CPU = Debug|Any CPU
		Release|Any CPU = Release|Any CPU
	EndGlobalSection
	GlobalSection(ProjectConfigurationPlatforms) = postSolution
		{D5A85A92-4D7D-43AD-A8F4-3F06D038D0D2}.Debug|Any CPU.ActiveCfg = Debug|Any CPU
		{D5A85A92-4D7D-43AD-A8F4-3F06D038D0D2}.Debug|Any CPU.Build.0 = Debug|Any CPU
		{D5A85A92-4D7D-43AD-A8F4-3F06D038D0D2}.Release|Any CPU.ActiveCfg = Release|Any CPU
		{D5A85A92-4D7D-43AD-A8F4-3F06D038D0D2}.Release|Any CPU.Build.0 = Release|Any CPU
		{518EC7C3-F118-455B-BE4A-CA6104F862DE}.Debug|Any CPU.ActiveCfg = Debug|Any CPU
		{518EC7C3-F118-455B-BE4A-CA6104F862DE}.Debug|Any CPU.Build.0 = Debug|Any CPU
		{518EC7C3-F118-455B-BE4A-CA6104F862DE}.Release|Any CPU.ActiveCfg = Release|Any CPU
		{518EC7C3-F118-455B-BE4A-CA6104F862DE}.Release|Any CPU.Build.0 = Release|Any CPU
		{13CBD11E-0F4B-400B-9895-178659A21EC7}.Debug|Any CPU.ActiveCfg = Debug|Any CPU
		{13CBD11E-0F4B-400B-9895-178659A21EC7}.Debug|Any CPU.Build.0 = Debug|Any CPU
		{13CBD11E-0F4B-400B-9895-178659A21EC7}.Release|Any CPU.ActiveCfg = Release|Any CPU
		{13CBD11E-0F4B-400B-9895-178659A21EC7}.Release|Any CPU.Build.0 = Release|Any CPU
	EndGlobalSection
	GlobalSection(SolutionProperties) = preSolution
		HideSolutionNode = FALSE
	EndGlobalSection
	GlobalSection(ExtensibilityGlobals) = postSolution
		SolutionGuid = {BB120873-CF14-48AF-B951-742881B1179F}
	EndGlobalSection
EndGlobal
